
Microsoft Visual Studio Solution File, Format Version 12.00
# Visual Studio Version 17
VisualStudioVersion = 17.0.31903.59
MinimumVisualStudioVersion = 10.0.40219.1
Project("{FAE04EC0-301F-11D3-BF4B-00C04F79EFBC}") = "SistemaAcademico.Api", "SistemaAcademico.Api\SistemaAcademico.Api.csproj", "{AE28679A-6811-40FB-A549-693471ED8E93}"
EndProject
Project("{FAE04EC0-301F-11D3-BF4B-00C04F79EFBC}") = "SistemaAcademico.Application", "SistemaAcademico.Application\SistemaAcademico.Application.csproj", "{AEEACC40-51E2-467B-8850-9040E5A92D02}"
EndProject
Project("{FAE04EC0-301F-11D3-BF4B-00C04F79EFBC}") = "SistemaAcademico.Domain", "SistemaAcademico.Domain\SistemaAcademico.Domain.csproj", "{D1A405E1-FDAA-4EE4-BCA9-44577D3086B6}"
EndProject
Project("{FAE04EC0-301F-11D3-BF4B-00C04F79EFBC}") = "SistemaAcademico.Infrastructure", "SistemaAcademico.Infrastructure\SistemaAcademico.Infrastructure.csproj", "{80567173-B6EA-4D04-AD3A-CA04BA9267FE}"
EndProject
Global
	GlobalSection(SolutionConfigurationPlatforms) = preSolution
		Debug|Any CPU = Debug|Any CPU
		Debug|x64 = Debug|x64
		Debug|x86 = Debug|x86
		Release|Any CPU = Release|Any CPU
		Release|x64 = Release|x64
		Release|x86 = Release|x86
	EndGlobalSection
	GlobalSection(ProjectConfigurationPlatforms) = postSolution
		{AE28679A-6811-40FB-A549-693471ED8E93}.Debug|Any CPU.ActiveCfg = Debug|Any CPU
		{AE28679A-6811-40FB-A549-693471ED8E93}.Debug|Any CPU.Build.0 = Debug|Any CPU
		{AE28679A-6811-40FB-A549-693471ED8E93}.Debug|x64.ActiveCfg = Debug|Any CPU
		{AE28679A-6811-40FB-A549-693471ED8E93}.Debug|x64.Build.0 = Debug|Any CPU
		{AE28679A-6811-40FB-A549-693471ED8E93}.Debug|x86.ActiveCfg = Debug|Any CPU
		{AE28679A-6811-40FB-A549-693471ED8E93}.Debug|x86.Build.0 = Debug|Any CPU
		{AE28679A-6811-40FB-A549-693471ED8E93}.Release|Any CPU.ActiveCfg = Release|Any CPU
		{AE28679A-6811-40FB-A549-693471ED8E93}.Release|Any CPU.Build.0 = Release|Any CPU
		{AE28679A-6811-40FB-A549-693471ED8E93}.Release|x64.ActiveCfg = Release|Any CPU
		{AE28679A-6811-40FB-A549-693471ED8E93}.Release|x64.Build.0 = Release|Any CPU
		{AE28679A-6811-40FB-A549-693471ED8E93}.Release|x86.ActiveCfg = Release|Any CPU
		{AE28679A-6811-40FB-A549-693471ED8E93}.Release|x86.Build.0 = Release|Any CPU
		{AEEACC40-51E2-467B-8850-9040E5A92D02}.Debug|Any CPU.ActiveCfg = Debug|Any CPU
		{AEEACC40-51E2-467B-8850-9040E5A92D02}.Debug|Any CPU.Build.0 = Debug|Any CPU
		{AEEACC40-51E2-467B-8850-9040E5A92D02}.Debug|x64.ActiveCfg = Debug|Any CPU
		{AEEACC40-51E2-467B-8850-9040E5A92D02}.Debug|x64.Build.0 = Debug|Any CPU
		{AEEACC40-51E2-467B-8850-9040E5A92D02}.Debug|x86.ActiveCfg = Debug|Any CPU
		{AEEACC40-51E2-467B-8850-9040E5A92D02}.Debug|x86.Build.0 = Debug|Any CPU
		{AEEACC40-51E2-467B-8850-9040E5A92D02}.Release|Any CPU.ActiveCfg = Release|Any CPU
		{AEEACC40-51E2-467B-8850-9040E5A92D02}.Release|Any CPU.Build.0 = Release|Any CPU
		{AEEACC40-51E2-467B-8850-9040E5A92D02}.Release|x64.ActiveCfg = Release|Any CPU
		{AEEACC40-51E2-467B-8850-9040E5A92D02}.Release|x64.Build.0 = Release|Any CPU
		{AEEACC40-51E2-467B-8850-9040E5A92D02}.Release|x86.ActiveCfg = Release|Any CPU
		{AEEACC40-51E2-467B-8850-9040E5A92D02}.Release|x86.Build.0 = Release|Any CPU
		{D1A405E1-FDAA-4EE4-BCA9-44577D3086B6}.Debug|Any CPU.ActiveCfg = Debug|Any CPU
		{D1A405E1-FDAA-4EE4-BCA9-44577D3086B6}.Debug|Any CPU.Build.0 = Debug|Any CPU
		{D1A405E1-FDAA-4EE4-BCA9-44577D3086B6}.Debug|x64.ActiveCfg = Debug|Any CPU
		{D1A405E1-FDAA-4EE4-BCA9-44577D3086B6}.Debug|x64.Build.0 = Debug|Any CPU
		{D1A405E1-FDAA-4EE4-BCA9-44577D3086B6}.Debug|x86.ActiveCfg = Debug|Any CPU
		{D1A405E1-FDAA-4EE4-BCA9-44577D3086B6}.Debug|x86.Build.0 = Debug|Any CPU
		{D1A405E1-FDAA-4EE4-BCA9-44577D3086B6}.Release|Any CPU.ActiveCfg = Release|Any CPU
		{D1A405E1-FDAA-4EE4-BCA9-44577D3086B6}.Release|Any CPU.Build.0 = Release|Any CPU
		{D1A405E1-FDAA-4EE4-BCA9-44577D3086B6}.Release|x64.ActiveCfg = Release|Any CPU
		{D1A405E1-FDAA-4EE4-BCA9-44577D3086B6}.Release|x64.Build.0 = Release|Any CPU
		{D1A405E1-FDAA-4EE4-BCA9-44577D3086B6}.Release|x86.ActiveCfg = Release|Any CPU
		{D1A405E1-FDAA-4EE4-BCA9-44577D3086B6}.Release|x86.Build.0 = Release|Any CPU
		{80567173-B6EA-4D04-AD3A-CA04BA9267FE}.Debug|Any CPU.ActiveCfg = Debug|Any CPU
		{80567173-B6EA-4D04-AD3A-CA04BA9267FE}.Debug|Any CPU.Build.0 = Debug|Any CPU
		{80567173-B6EA-4D04-AD3A-CA04BA9267FE}.Debug|x64.ActiveCfg = Debug|Any CPU
		{80567173-B6EA-4D04-AD3A-CA04BA9267FE}.Debug|x64.Build.0 = Debug|Any CPU
		{80567173-B6EA-4D04-AD3A-CA04BA9267FE}.Debug|x86.ActiveCfg = Debug|Any CPU
		{80567173-B6EA-4D04-AD3A-CA04BA9267FE}.Debug|x86.Build.0 = Debug|Any CPU
		{80567173-B6EA-4D04-AD3A-CA04BA9267FE}.Release|Any CPU.ActiveCfg = Release|Any CPU
		{80567173-B6EA-4D04-AD3A-CA04BA9267FE}.Release|Any CPU.Build.0 = Release|Any CPU
		{80567173-B6EA-4D04-AD3A-CA04BA9267FE}.Release|x64.ActiveCfg = Release|Any CPU
		{80567173-B6EA-4D04-AD3A-CA04BA9267FE}.Release|x64.Build.0 = Release|Any CPU
		{80567173-B6EA-4D04-AD3A-CA04BA9267FE}.Release|x86.ActiveCfg = Release|Any CPU
		{80567173-B6EA-4D04-AD3A-CA04BA9267FE}.Release|x86.Build.0 = Release|Any CPU
	EndGlobalSection
	GlobalSection(SolutionProperties) = preSolution
		HideSolutionNode = FALSE
	EndGlobalSection
EndGlobal
